
Microsoft Visual Studio Solution File, Format Version 12.00
# Visual Studio Version 17
VisualStudioVersion = 17.7.34018.315
MinimumVisualStudioVersion = 10.0.40219.1
Project("{888888A0-9F3D-457C-B088-3A5042F75D52}") = "First Testing", "First Testing\First Testing.pyproj", "{70D196F9-45FC-4DBE-8F73-3E62D6E22AE6}"
EndProject
Global
	GlobalSection(SolutionConfigurationPlatforms) = preSolution
		Debug|Any CPU = Debug|Any CPU
		Release|Any CPU = Release|Any CPU
	EndGlobalSection
	GlobalSection(ProjectConfigurationPlatforms) = postSolution
		{70D196F9-45FC-4DBE-8F73-3E62D6E22AE6}.Debug|Any CPU.ActiveCfg = Debug|Any CPU
		{70D196F9-45FC-4DBE-8F73-3E62D6E22AE6}.Release|Any CPU.ActiveCfg = Release|Any CPU
	EndGlobalSection
	GlobalSection(SolutionProperties) = preSolution
		HideSolutionNode = FALSE
	EndGlobalSection
	GlobalSection(ExtensibilityGlobals) = postSolution
		SolutionGuid = {A377AA2E-02DA-42E0-AB7E-B60B14EB9E60}
	EndGlobalSection
EndGlobal
